// !$*UTF8*$!
{
	archiveVersion = 1;
	classes = {
	};
	objectVersion = 77;
	objects = {

/* Begin PBXBuildFile section */
		7D03A6A52F7F667D009F43E5 /* NotificationService.appex in Embed Foundation Extensions */ = {isa = PBXBuildFile; fileRef = 7D03A69E2F7F667D009F43E5 /* NotificationService.appex */; settings = {ATTRIBUTES = (RemoveHeadersOnCopy, ); }; };
/* End PBXBuildFile section */

/* Begin PBXContainerItemProxy section */
		7D03A6A32F7F667D009F43E5 /* PBXContainerItemProxy */ = {
			isa = PBXContainerItemProxy;
			containerPortal = 7D9D34E02F6ED335008EAB95 /* Project object */;
			proxyType = 1;
			remoteGlobalIDString = 7D03A69D2F7F667D009F43E5;
			remoteInfo = NotificationService;
		};
		7D9D34F62F6ED336008EAB95 /* PBXContainerItemProxy */ = {
			isa = PBXContainerItemProxy;
			containerPortal = 7D9D34E02F6ED335008EAB95 /* Project object */;
			proxyType = 1;
			remoteGlobalIDString = 7D9D34E72F6ED335008EAB95;
			remoteInfo = Courier;
		};
		7D9D35002F6ED336008EAB95 /* PBXContainerItemProxy */ = {
			isa = PBXContainerItemProxy;
			containerPortal = 7D9D34E02F6ED335008EAB95 /* Project object */;
			proxyType = 1;
			remoteGlobalIDString = 7D9D34E72F6ED335008EAB95;
			remoteInfo = Courier;
		};
/* End PBXContainerItemProxy section */

/* Begin PBXCopyFilesBuildPhase section */
		7D03A6AA2F7F667D009F43E5 /* Embed Foundation Extensions */ = {
			isa = PBXCopyFilesBuildPhase;
			buildActionMask = 2147483647;
			dstPath = "";
			dstSubfolderSpec = 13;
			files = (
				7D03A6A52F7F667D009F43E5 /* NotificationService.appex in Embed Foundation Extensions */,
			);
			name = "Embed Foundation Extensions";
			runOnlyForDeploymentPostprocessing = 0;
		};
/* End PBXCopyFilesBuildPhase section */

/* Begin PBXFileReference section */
		7D03A69E2F7F667D009F43E5 /* NotificationService.appex */ = {isa = PBXFileReference; explicitFileType = "wrapper.app-extension"; includeInIndex = 0; path = NotificationService.appex; sourceTree = BUILT_PRODUCTS_DIR; };
		7D9D34E82F6ED335008EAB95 /* Courier.app */ = {isa = PBXFileReference; explicitFileType = wrapper.application; includeInIndex = 0; path = Courier.app; sourceTree = BUILT_PRODUCTS_DIR; };
		7D9D34F52F6ED336008EAB95 /* CourierTests.xctest */ = {isa = PBXFileReference; explicitFileType = wrapper.cfbundle; includeInIndex = 0; path = CourierTests.xctest; sourceTree = BUILT_PRODUCTS_DIR; };
		7D9D34FF2F6ED336008EAB95 /* CourierUITests.xctest */ = {isa = PBXFileReference; explicitFileType = wrapper.cfbundle; includeInIndex = 0; path = CourierUITests.xctest; sourceTree = BUILT_PRODUCTS_DIR; };
/* End PBXFileReference section */

/* Begin PBXFileSystemSynchronizedBuildFileExceptionSet section */
		7D03A6A92F7F667D009F43E5 /* Exceptions for "NotificationService" folder in "NotificationService" target */ = {
			isa = PBXFileSystemSynchronizedBuildFileExceptionSet;
			membershipExceptions = (
				Info.plist,
			);
			target = 7D03A69D2F7F667D009F43E5 /* NotificationService */;
		};
		7D3BF0812F75A28E00DD7BAB /* Exceptions for "Courier" folder in "Courier" target */ = {
			isa = PBXFileSystemSynchronizedBuildFileExceptionSet;
			membershipExceptions = (
				Info.plist,
			);
			target = 7D9D34E72F6ED335008EAB95 /* Courier */;
		};
/* End PBXFileSystemSynchronizedBuildFileExceptionSet section */

/* Begin PBXFileSystemSynchronizedRootGroup section */
		7D03A69F2F7F667D009F43E5 /* NotificationService */ = {
			isa = PBXFileSystemSynchronizedRootGroup;
			exceptions = (
				7D03A6A92F7F667D009F43E5 /* Exceptions for "NotificationService" folder in "NotificationService" target */,
			);
			path = NotificationService;
			sourceTree = "<group>";
		};
		7D9D34EA2F6ED335008EAB95 /* Courier */ = {
			isa = PBXFileSystemSynchronizedRootGroup;
			exceptions = (
				7D3BF0812F75A28E00DD7BAB /* Exceptions for "Courier" folder in "Courier" target */,
			);
			path = Courier;
			sourceTree = "<group>";
		};
		7D9D34F82F6ED336008EAB95 /* CourierTests */ = {
			isa = PBXFileSystemSynchronizedRootGroup;
			path = CourierTests;
			sourceTree = "<group>";
		};
		7D9D35022F6ED336008EAB95 /* CourierUITests */ = {
			isa = PBXFileSystemSynchronizedRootGroup;
			path = CourierUITests;
			sourceTree = "<group>";
		};
/* End PBXFileSystemSynchronizedRootGroup section */

/* Begin PBXFrameworksBuildPhase section */
		7D03A69B2F7F667D009F43E5 /* Frameworks */ = {
			isa = PBXFrameworksBuildPhase;
			buildActionMask = 2147483647;
			files = (
			);
			runOnlyForDeploymentPostprocessing = 0;
		};
		7D9D34E52F6ED335008EAB95 /* Frameworks */ = {
			isa = PBXFrameworksBuildPhase;
			buildActionMask = 2147483647;
			files = (
			);
			runOnlyForDeploymentPostprocessing = 0;
		};
		7D9D34F22F6ED336008EAB95 /* Frameworks */ = {
			isa = PBXFrameworksBuildPhase;
			buildActionMask = 2147483647;
			files = (
			);
			runOnlyForDeploymentPostprocessing = 0;
		};
		7D9D34FC2F6ED336008EAB95 /* Frameworks */ = {
			isa = PBXFrameworksBuildPhase;
			buildActionMask = 2147483647;
			files = (
			);
			runOnlyForDeploymentPostprocessing = 0;
		};
/* End PBXFrameworksBuildPhase section */

/* Begin PBXGroup section */
		7D9D34DF2F6ED335008EAB95 = {
			isa = PBXGroup;
			children = (
				7D9D34EA2F6ED335008EAB95 /* Courier */,
				7D9D34F82F6ED336008EAB95 /* CourierTests */,
				7D9D35022F6ED336008EAB95 /* CourierUITests */,
				7D03A69F2F7F667D009F43E5 /* NotificationService */,
				7D9D34E92F6ED335008EAB95 /* Products */,
			);
			sourceTree = "<group>";
		};
		7D9D34E92F6ED335008EAB95 /* Products */ = {
			isa = PBXGroup;
			children = (
				7D9D34E82F6ED335008EAB95 /* Courier.app */,
				7D9D34F52F6ED336008EAB95 /* CourierTests.xctest */,
				7D9D34FF2F6ED336008EAB95 /* CourierUITests.xctest */,
				7D03A69E2F7F667D009F43E5 /* NotificationService.appex */,
			);
			name = Products;
			sourceTree = "<group>";
		};
/* End PBXGroup section */

/* Begin PBXNativeTarget section */
		7D03A69D2F7F667D009F43E5 /* NotificationService */ = {
			isa = PBXNativeTarget;
			buildConfigurationList = 7D03A6A62F7F667D009F43E5 /* Build configuration list for PBXNativeTarget "NotificationService" */;
			buildPhases = (
				7D03A69A2F7F667D009F43E5 /* Sources */,
				7D03A69B2F7F667D009F43E5 /* Frameworks */,
				7D03A69C2F7F667D009F43E5 /* Resources */,
			);
			buildRules = (
			);
			dependencies = (
			);
			fileSystemSynchronizedGroups = (
				7D03A69F2F7F667D009F43E5 /* NotificationService */,
			);
			name = NotificationService;
			packageProductDependencies = (
			);
			productName = NotificationService;
			productReference = 7D03A69E2F7F667D009F43E5 /* NotificationService.appex */;
			productType = "com.apple.product-type.app-extension";
		};
		7D9D34E72F6ED335008EAB95 /* Courier */ = {
			isa = PBXNativeTarget;
			buildConfigurationList = 7D9D35092F6ED336008EAB95 /* Build configuration list for PBXNativeTarget "Courier" */;
			buildPhases = (
				7D9D34E42F6ED335008EAB95 /* Sources */,
				7D9D34E52F6ED335008EAB95 /* Frameworks */,
				7D9D34E62F6ED335008EAB95 /* Resources */,
				7D03A6AA2F7F667D009F43E5 /* Embed Foundation Extensions */,
			);
			buildRules = (
			);
			dependencies = (
				7D03A6A42F7F667D009F43E5 /* PBXTargetDependency */,
			);
			fileSystemSynchronizedGroups = (
				7D9D34EA2F6ED335008EAB95 /* Courier */,
			);
			name = Courier;
			packageProductDependencies = (
			);
			productName = Courier;
			productReference = 7D9D34E82F6ED335008EAB95 /* Courier.app */;
			productType = "com.apple.product-type.application";
		};
		7D9D34F42F6ED336008EAB95 /* CourierTests */ = {
			isa = PBXNativeTarget;
			buildConfigurationList = 7D9D350C2F6ED336008EAB95 /* Build configuration list for PBXNativeTarget "CourierTests" */;
			buildPhases = (
				7D9D34F12F6ED336008EAB95 /* Sources */,
				7D9D34F22F6ED336008EAB95 /* Frameworks */,
				7D9D34F32F6ED336008EAB95 /* Resources */,
			);
			buildRules = (
			);
			dependencies = (
				7D9D34F72F6ED336008EAB95 /* PBXTargetDependency */,
			);
			fileSystemSynchronizedGroups = (
				7D9D34F82F6ED336008EAB95 /* CourierTests */,
			);
			name = CourierTests;
			packageProductDependencies = (
			);
			productName = CourierTests;
			productReference = 7D9D34F52F6ED336008EAB95 /* CourierTests.xctest */;
			productType = "com.apple.product-type.bundle.unit-test";
		};
		7D9D34FE2F6ED336008EAB95 /* CourierUITests */ = {
			isa = PBXNativeTarget;
			buildConfigurationList = 7D9D350F2F6ED336008EAB95 /* Build configuration list for PBXNativeTarget "CourierUITests" */;
			buildPhases = (
				7D9D34FB2F6ED336008EAB95 /* Sources */,
				7D9D34FC2F6ED336008EAB95 /* Frameworks */,
				7D9D34FD2F6ED336008EAB95 /* Resources */,
			);
			buildRules = (
			);
			dependencies = (
				7D9D35012F6ED336008EAB95 /* PBXTargetDependency */,
			);
			fileSystemSynchronizedGroups = (
				7D9D35022F6ED336008EAB95 /* CourierUITests */,
			);
			name = CourierUITests;
			packageProductDependencies = (
			);
			productName = CourierUITests;
			productReference = 7D9D34FF2F6ED336008EAB95 /* CourierUITests.xctest */;
			productType = "com.apple.product-type.bundle.ui-testing";
		};
/* End PBXNativeTarget section */

/* Begin PBXProject section */
		7D9D34E02F6ED335008EAB95 /* Project object */ = {
			isa = PBXProject;
			attributes = {
				BuildIndependentTargetsInParallel = 1;
				LastSwiftUpdateCheck = 1640;
				LastUpgradeCheck = 1640;
				TargetAttributes = {
					7D03A69D2F7F667D009F43E5 = {
						CreatedOnToolsVersion = 16.4;
					};
					7D9D34E72F6ED335008EAB95 = {
						CreatedOnToolsVersion = 16.4;
					};
					7D9D34F42F6ED336008EAB95 = {
						CreatedOnToolsVersion = 16.4;
						TestTargetID = 7D9D34E72F6ED335008EAB95;
					};
					7D9D34FE2F6ED336008EAB95 = {
						CreatedOnToolsVersion = 16.4;
						TestTargetID = 7D9D34E72F6ED335008EAB95;
					};
				};
			};
			buildConfigurationList = 7D9D34E32F6ED335008EAB95 /* Build configuration list for PBXProject "Courier" */;
			developmentRegion = en;
			hasScannedForEncodings = 0;
			knownRegions = (
				en,
				Base,
			);
			mainGroup = 7D9D34DF2F6ED335008EAB95;
			minimizedProjectReferenceProxies = 1;
			preferredProjectObjectVersion = 77;
			productRefGroup = 7D9D34E92F6ED335008EAB95 /* Products */;
			projectDirPath = "";
			projectRoot = "";
			targets = (
				7D9D34E72F6ED335008EAB95 /* Courier */,
				7D9D34F42F6ED336008EAB95 /* CourierTests */,
				7D9D34FE2F6ED336008EAB95 /* CourierUITests */,
				7D03A69D2F7F667D009F43E5 /* NotificationService */,
			);
		};
/* End PBXProject section */

/* Begin PBXResourcesBuildPhase section */
		7D03A69C2F7F667D009F43E5 /* Resources */ = {
			isa = PBXResourcesBuildPhase;
			buildActionMask = 2147483647;
			files = (
			);
			runOnlyForDeploymentPostprocessing = 0;
		};
		7D9D34E62F6ED335008EAB95 /* Resources */ = {
			isa = PBXResourcesBuildPhase;
			buildActionMask = 2147483647;
			files = (
			);
			runOnlyForDeploymentPostprocessing = 0;
		};
		7D9D34F32F6ED336008EAB95 /* Resources */ = {
			isa = PBXResourcesBuildPhase;
			buildActionMask = 2147483647;
			files = (
			);
			runOnlyForDeploymentPostprocessing = 0;
		};
		7D9D34FD2F6ED336008EAB95 /* Resources */ = {
			isa = PBXResourcesBuildPhase;
			buildActionMask = 2147483647;
			files = (
			);
			runOnlyForDeploymentPostprocessing = 0;
		};
/* End PBXResourcesBuildPhase section */

/* Begin PBXSourcesBuildPhase section */
		7D03A69A2F7F667D009F43E5 /* Sources */ = {
			isa = PBXSourcesBuildPhase;
			buildActionMask = 2147483647;
			files = (
			);
			runOnlyForDeploymentPostprocessing = 0;
		};
		7D9D34E42F6ED335008EAB95 /* Sources */ = {
			isa = PBXSourcesBuildPhase;
			buildActionMask = 2147483647;
			files = (
			);
			runOnlyForDeploymentPostprocessing = 0;
		};
		7D9D34F12F6ED336008EAB95 /* Sources */ = {
			isa = PBXSourcesBuildPhase;
			buildActionMask = 2147483647;
			files = (
			);
			runOnlyForDeploymentPostprocessing = 0;
		};
		7D9D34FB2F6ED336008EAB95 /* Sources */ = {
			isa = PBXSourcesBuildPhase;
			buildActionMask = 2147483647;
			files = (
			);
			runOnlyForDeploymentPostprocessing = 0;
		};
/* End PBXSourcesBuildPhase section */

/* Begin PBXTargetDependency section */
		7D03A6A42F7F667D009F43E5 /* PBXTargetDependency */ = {
			isa = PBXTargetDependency;
			target = 7D03A69D2F7F667D009F43E5 /* NotificationService */;
			targetProxy = 7D03A6A32F7F667D009F43E5 /* PBXContainerItemProxy */;
		};
		7D9D34F72F6ED336008EAB95 /* PBXTargetDependency */ = {
			isa = PBXTargetDependency;
			target = 7D9D34E72F6ED335008EAB95 /* Courier */;
			targetProxy = 7D9D34F62F6ED336008EAB95 /* PBXContainerItemProxy */;
		};
		7D9D35012F6ED336008EAB95 /* PBXTargetDependency */ = {
			isa = PBXTargetDependency;
			target = 7D9D34E72F6ED335008EAB95 /* Courier */;
			targetProxy = 7D9D35002F6ED336008EAB95 /* PBXContainerItemProxy */;
		};
/* End PBXTargetDependency section */

/* Begin XCBuildConfiguration section */
		7D03A6A72F7F667D009F43E5 /* Debug */ = {
			isa = XCBuildConfiguration;
			buildSettings = {
				CODE_SIGN_STYLE = Automatic;
				CURRENT_PROJECT_VERSION = 23;
				DEVELOPMENT_TEAM = 5PFKCJ6Y3Q;
				GENERATE_INFOPLIST_FILE = YES;
				INFOPLIST_FILE = NotificationService/Info.plist;
				INFOPLIST_KEY_CFBundleDisplayName = NotificationService;
				INFOPLIST_KEY_NSHumanReadableCopyright = "";
				IPHONEOS_DEPLOYMENT_TARGET = 17.0;
				LD_RUNPATH_SEARCH_PATHS = (
					"$(inherited)",
					"@executable_path/Frameworks",
					"@executable_path/../../Frameworks",
				);
				MARKETING_VERSION = 1.0;
				PRODUCT_BUNDLE_IDENTIFIER = social.courier.app.NotificationService;
				PRODUCT_NAME = "$(TARGET_NAME)";
				SKIP_INSTALL = YES;
				SWIFT_EMIT_LOC_STRINGS = YES;
				SWIFT_VERSION = 5.0;
				TARGETED_DEVICE_FAMILY = "1,2";
			};
			name = Debug;
		};
		7D03A6A82F7F667D009F43E5 /* Release */ = {
			isa = XCBuildConfiguration;
			buildSettings = {
				CODE_SIGN_STYLE = Automatic;
				CURRENT_PROJECT_VERSION = 23;
				DEVELOPMENT_TEAM = 5PFKCJ6Y3Q;
				GENERATE_INFOPLIST_FILE = YES;
				INFOPLIST_FILE = NotificationService/Info.plist;
				INFOPLIST_KEY_CFBundleDisplayName = NotificationService;
				INFOPLIST_KEY_NSHumanReadableCopyright = "";
				IPHONEOS_DEPLOYMENT_TARGET = 17.0;
				LD_RUNPATH_SEARCH_PATHS = (
					"$(inherited)",
					"@executable_path/Frameworks",
					"@executable_path/../../Frameworks",
				);
				MARKETING_VERSION = 1.0;
				PRODUCT_BUNDLE_IDENTIFIER = social.courier.app.NotificationService;
				PRODUCT_NAME = "$(TARGET_NAME)";
				SKIP_INSTALL = YES;
				SWIFT_EMIT_LOC_STRINGS = YES;
				SWIFT_VERSION = 5.0;
				TARGETED_DEVICE_FAMILY = "1,2";
			};
			name = Release;
		};
		7D9D35072F6ED336008EAB95 /* Debug */ = {
			isa = XCBuildConfiguration;
			buildSettings = {
				ALWAYS_SEARCH_USER_PATHS = NO;
				ASSETCATALOG_COMPILER_GENERATE_SWIFT_ASSET_SYMBOL_EXTENSIONS = YES;
				CLANG_ANALYZER_NONNULL = YES;
				CLANG_ANALYZER_NUMBER_OBJECT_CONVERSION = YES_AGGRESSIVE;
				CLANG_CXX_LANGUAGE_STANDARD = "gnu++20";
				CLANG_ENABLE_MODULES = YES;
				CLANG_ENABLE_OBJC_ARC = YES;
				CLANG_ENABLE_OBJC_WEAK = YES;
				CLANG_WARN_BLOCK_CAPTURE_AUTORELEASING = YES;
				CLANG_WARN_BOOL_CONVERSION = YES;
				CLANG_WARN_COMMA = YES;
				CLANG_WARN_CONSTANT_CONVERSION = YES;
				CLANG_WARN_DEPRECATED_OBJC_IMPLEMENTATIONS = YES;
				CLANG_WARN_DIRECT_OBJC_ISA_USAGE = YES_ERROR;
				CLANG_WARN_DOCUMENTATION_COMMENTS = YES;
				CLANG_WARN_EMPTY_BODY = YES;
				CLANG_WARN_ENUM_CONVERSION = YES;
				CLANG_WARN_INFINITE_RECURSION = YES;
				CLANG_WARN_INT_CONVERSION = YES;
				CLANG_WARN_NON_LITERAL_NULL_CONVERSION = YES;
				CLANG_WARN_OBJC_IMPLICIT_RETAIN_SELF = YES;
				CLANG_WARN_OBJC_LITERAL_CONVERSION = YES;
				CLANG_WARN_OBJC_ROOT_CLASS = YES_ERROR;
				CLANG_WARN_QUOTED_INCLUDE_IN_FRAMEWORK_HEADER = YES;
				CLANG_WARN_RANGE_LOOP_ANALYSIS = YES;
				CLANG_WARN_STRICT_PROTOTYPES = YES;
				CLANG_WARN_SUSPICIOUS_MOVE = YES;
				CLANG_WARN_UNGUARDED_AVAILABILITY = YES_AGGRESSIVE;
				CLANG_WARN_UNREACHABLE_CODE = YES;
				CLANG_WARN__DUPLICATE_METHOD_MATCH = YES;
				COPY_PHASE_STRIP = NO;
				DEBUG_INFORMATION_FORMAT = dwarf;
				DEVELOPMENT_TEAM = 5PFKCJ6Y3Q;
				ENABLE_STRICT_OBJC_MSGSEND = YES;
				ENABLE_TESTABILITY = YES;
				ENABLE_USER_SCRIPT_SANDBOXING = YES;
				GCC_C_LANGUAGE_STANDARD = gnu17;
				GCC_DYNAMIC_NO_PIC = NO;
				GCC_NO_COMMON_BLOCKS = YES;
				GCC_OPTIMIZATION_LEVEL = 0;
				GCC_PREPROCESSOR_DEFINITIONS = (
					"DEBUG=1",
					"$(inherited)",
				);
				GCC_WARN_64_TO_32_BIT_CONVERSION = YES;
				GCC_WARN_ABOUT_RETURN_TYPE = YES_ERROR;
				GCC_WARN_UNDECLARED_SELECTOR = YES;
				GCC_WARN_UNINITIALIZED_AUTOS = YES_AGGRESSIVE;
				GCC_WARN_UNUSED_FUNCTION = YES;
				GCC_WARN_UNUSED_VARIABLE = YES;
				IPHONEOS_DEPLOYMENT_TARGET = 17.0;
				LOCALIZATION_PREFERS_STRING_CATALOGS = YES;
				MTL_ENABLE_DEBUG_INFO = INCLUDE_SOURCE;
				MTL_FAST_MATH = YES;
				ONLY_ACTIVE_ARCH = YES;
				SDKROOT = iphoneos;
				SWIFT_ACTIVE_COMPILATION_CONDITIONS = "DEBUG $(inherited)";
				SWIFT_OPTIMIZATION_LEVEL = "-Onone";
			};
			name = Debug;
		};
		7D9D35082F6ED336008EAB95 /* Release */ = {
			isa = XCBuildConfiguration;
			buildSettings = {
				ALWAYS_SEARCH_USER_PATHS = NO;
				ASSETCATALOG_COMPILER_GENERATE_SWIFT_ASSET_SYMBOL_EXTENSIONS = YES;
				CLANG_ANALYZER_NONNULL = YES;
				CLANG_ANALYZER_NUMBER_OBJECT_CONVERSION = YES_AGGRESSIVE;
				CLANG_CXX_LANGUAGE_STANDARD = "gnu++20";
				CLANG_ENABLE_MODULES = YES;
				CLANG_ENABLE_OBJC_ARC = YES;
				CLANG_ENABLE_OBJC_WEAK = YES;
				CLANG_WARN_BLOCK_CAPTURE_AUTORELEASING = YES;
				CLANG_WARN_BOOL_CONVERSION = YES;
				CLANG_WARN_COMMA = YES;
				CLANG_WARN_CONSTANT_CONVERSION = YES;
				CLANG_WARN_DEPRECATED_OBJC_IMPLEMENTATIONS = YES;
				CLANG_WARN_DIRECT_OBJC_ISA_USAGE = YES_ERROR;
				CLANG_WARN_DOCUMENTATION_COMMENTS = YES;
				CLANG_WARN_EMPTY_BODY = YES;
				CLANG_WARN_ENUM_CONVERSION = YES;
				CLANG_WARN_INFINITE_RECURSION = YES;
				CLANG_WARN_INT_CONVERSION = YES;
				CLANG_WARN_NON_LITERAL_NULL_CONVERSION = YES;
				CLANG_WARN_OBJC_IMPLICIT_RETAIN_SELF = YES;
				CLANG_WARN_OBJC_LITERAL_CONVERSION = YES;
				CLANG_WARN_OBJC_ROOT_CLASS = YES_ERROR;
				CLANG_WARN_QUOTED_INCLUDE_IN_FRAMEWORK_HEADER = YES;
				CLANG_WARN_RANGE_LOOP_ANALYSIS = YES;
				CLANG_WARN_STRICT_PROTOTYPES = YES;
				CLANG_WARN_SUSPICIOUS_MOVE = YES;
				CLANG_WARN_UNGUARDED_AVAILABILITY = YES_AGGRESSIVE;
				CLANG_WARN_UNREACHABLE_CODE = YES;
				CLANG_WARN__DUPLICATE_METHOD_MATCH = YES;
				COPY_PHASE_STRIP = NO;
				DEBUG_INFORMATION_FORMAT = "dwarf-with-dsym";
				DEVELOPMENT_TEAM = 5PFKCJ6Y3Q;
				ENABLE_NS_ASSERTIONS = NO;
				ENABLE_STRICT_OBJC_MSGSEND = YES;
				ENABLE_USER_SCRIPT_SANDBOXING = YES;
				GCC_C_LANGUAGE_STANDARD = gnu17;
				GCC_NO_COMMON_BLOCKS = YES;
				GCC_WARN_64_TO_32_BIT_CONVERSION = YES;
				GCC_WARN_ABOUT_RETURN_TYPE = YES_ERROR;
				GCC_WARN_UNDECLARED_SELECTOR = YES;
				GCC_WARN_UNINITIALIZED_AUTOS = YES_AGGRESSIVE;
				GCC_WARN_UNUSED_FUNCTION = YES;
				GCC_WARN_UNUSED_VARIABLE = YES;
				IPHONEOS_DEPLOYMENT_TARGET = 17.0;
				LOCALIZATION_PREFERS_STRING_CATALOGS = YES;
				MTL_ENABLE_DEBUG_INFO = NO;
				MTL_FAST_MATH = YES;
				SDKROOT = iphoneos;
				SWIFT_COMPILATION_MODE = wholemodule;
				VALIDATE_PRODUCT = YES;
			};
			name = Release;
		};
		7D9D350A2F6ED336008EAB95 /* Debug */ = {
			isa = XCBuildConfiguration;
			buildSettings = {
				ASSETCATALOG_COMPILER_APPICON_NAME = AppIcon;
				ASSETCATALOG_COMPILER_GLOBAL_ACCENT_COLOR_NAME = AccentColor;
				CODE_SIGN_ENTITLEMENTS = Courier/Courier.entitlements;
				CODE_SIGN_STYLE = Automatic;
				CURRENT_PROJECT_VERSION = 23;
				DEVELOPMENT_TEAM = 5PFKCJ6Y3Q;
				ENABLE_PREVIEWS = YES;
				GENERATE_INFOPLIST_FILE = YES;
				INFOPLIST_FILE = Courier/Info.plist;
				INFOPLIST_KEY_UIApplicationSceneManifest_Generation = YES;
				INFOPLIST_KEY_UIApplicationSupportsIndirectInputEvents = YES;
				INFOPLIST_KEY_UILaunchScreen_Generation = YES;
				INFOPLIST_KEY_UISupportedInterfaceOrientations_iPad = "UIInterfaceOrientationPortrait UIInterfaceOrientationPortraitUpsideDown UIInterfaceOrientationLandscapeLeft UIInterfaceOrientationLandscapeRight";
				INFOPLIST_KEY_UISupportedInterfaceOrientations_iPhone = "UIInterfaceOrientationPortrait UIInterfaceOrientationLandscapeLeft UIInterfaceOrientationLandscapeRight";
				LD_RUNPATH_SEARCH_PATHS = (
					"$(inherited)",
					"@executable_path/Frameworks",
				);
				MARKETING_VERSION = 1.0;
				PRODUCT_BUNDLE_IDENTIFIER = social.courier.app;
				PRODUCT_NAME = "$(TARGET_NAME)";
				SWIFT_EMIT_LOC_STRINGS = YES;
				SWIFT_VERSION = 5.0;
				TARGETED_DEVICE_FAMILY = "1,2";
			};
			name = Debug;
		};
		7D9D350B2F6ED336008EAB95 /* Release */ = {
			isa = XCBuildConfiguration;
			buildSettings = {
				ASSETCATALOG_COMPILER_APPICON_NAME = AppIcon;
				ASSETCATALOG_COMPILER_GLOBAL_ACCENT_COLOR_NAME = AccentColor;
				CODE_SIGN_ENTITLEMENTS = Courier/Courier.entitlements;
				CODE_SIGN_STYLE = Automatic;
				CURRENT_PROJECT_VERSION = 23;
				DEVELOPMENT_TEAM = 5PFKCJ6Y3Q;
				ENABLE_PREVIEWS = YES;
				GENERATE_INFOPLIST_FILE = YES;
				INFOPLIST_FILE = Courier/Info.plist;
				INFOPLIST_KEY_UIApplicationSceneManifest_Generation = YES;
				INFOPLIST_KEY_UIApplicationSupportsIndirectInputEvents = YES;
				INFOPLIST_KEY_UILaunchScreen_Generation = YES;
				INFOPLIST_KEY_UISupportedInterfaceOrientations_iPad = "UIInterfaceOrientationPortrait UIInterfaceOrientationPortraitUpsideDown UIInterfaceOrientationLandscapeLeft UIInterfaceOrientationLandscapeRight";
				INFOPLIST_KEY_UISupportedInterfaceOrientations_iPhone = "UIInterfaceOrientationPortrait UIInterfaceOrientationLandscapeLeft UIInterfaceOrientationLandscapeRight";
				LD_RUNPATH_SEARCH_PATHS = (
					"$(inherited)",
					"@executable_path/Frameworks",
				);
				MARKETING_VERSION = 1.0;
				PRODUCT_BUNDLE_IDENTIFIER = social.courier.app;
				PRODUCT_NAME = "$(TARGET_NAME)";
				SWIFT_EMIT_LOC_STRINGS = YES;
				SWIFT_VERSION = 5.0;
				TARGETED_DEVICE_FAMILY = "1,2";
			};
			name = Release;
		};
		7D9D350D2F6ED336008EAB95 /* Debug */ = {
			isa = XCBuildConfiguration;
			buildSettings = {
				BUNDLE_LOADER = "$(TEST_HOST)";
				CODE_SIGN_STYLE = Automatic;
				CURRENT_PROJECT_VERSION = 1;
				DEVELOPMENT_TEAM = 5PFKCJ6Y3Q;
				GENERATE_INFOPLIST_FILE = YES;
				IPHONEOS_DEPLOYMENT_TARGET = 17.0;
				MARKETING_VERSION = 1.0;
				PRODUCT_BUNDLE_IDENTIFIER = social.courier.CourierTests;
				PRODUCT_NAME = "$(TARGET_NAME)";
				SWIFT_EMIT_LOC_STRINGS = NO;
				SWIFT_VERSION = 5.0;
				TARGETED_DEVICE_FAMILY = "1,2";
				TEST_HOST = "$(BUILT_PRODUCTS_DIR)/Courier.app/$(BUNDLE_EXECUTABLE_FOLDER_PATH)/Courier";
			};
			name = Debug;
		};
		7D9D350E2F6ED336008EAB95 /* Release */ = {
			isa = XCBuildConfiguration;
			buildSettings = {
				BUNDLE_LOADER = "$(TEST_HOST)";
				CODE_SIGN_STYLE = Automatic;
				CURRENT_PROJECT_VERSION = 1;
				DEVELOPMENT_TEAM = 5PFKCJ6Y3Q;
				GENERATE_INFOPLIST_FILE = YES;
				IPHONEOS_DEPLOYMENT_TARGET = 17.0;
				MARKETING_VERSION = 1.0;
				PRODUCT_BUNDLE_IDENTIFIER = social.courier.CourierTests;
				PRODUCT_NAME = "$(TARGET_NAME)";
				SWIFT_EMIT_LOC_STRINGS = NO;
				SWIFT_VERSION = 5.0;
				TARGETED_DEVICE_FAMILY = "1,2";
				TEST_HOST = "$(BUILT_PRODUCTS_DIR)/Courier.app/$(BUNDLE_EXECUTABLE_FOLDER_PATH)/Courier";
			};
			name = Release;
		};
		7D9D35102F6ED336008EAB95 /* Debug */ = {
			isa = XCBuildConfiguration;
			buildSettings = {
				CODE_SIGN_STYLE = Automatic;
				CURRENT_PROJECT_VERSION = 1;
				DEVELOPMENT_TEAM = 5PFKCJ6Y3Q;
				GENERATE_INFOPLIST_FILE = YES;
				MARKETING_VERSION = 1.0;
				PRODUCT_BUNDLE_IDENTIFIER = social.courier.CourierUITests;
				PRODUCT_NAME = "$(TARGET_NAME)";
				SWIFT_EMIT_LOC_STRINGS = NO;
				SWIFT_VERSION = 5.0;
				TARGETED_DEVICE_FAMILY = "1,2";
				TEST_TARGET_NAME = Courier;
			};
			name = Debug;
		};
		7D9D35112F6ED336008EAB95 /* Release */ = {
			isa = XCBuildConfiguration;
			buildSettings = {
				CODE_SIGN_STYLE = Automatic;
				CURRENT_PROJECT_VERSION = 1;
				DEVELOPMENT_TEAM = 5PFKCJ6Y3Q;
				GENERATE_INFOPLIST_FILE = YES;
				MARKETING_VERSION = 1.0;
				PRODUCT_BUNDLE_IDENTIFIER = social.courier.CourierUITests;
				PRODUCT_NAME = "$(TARGET_NAME)";
				SWIFT_EMIT_LOC_STRINGS = NO;
				SWIFT_VERSION = 5.0;
				TARGETED_DEVICE_FAMILY = "1,2";
				TEST_TARGET_NAME = Courier;
			};
			name = Release;
		};
/* End XCBuildConfiguration section */

/* Begin XCConfigurationList section */
		7D03A6A62F7F667D009F43E5 /* Build configuration list for PBXNativeTarget "NotificationService" */ = {
			isa = XCConfigurationList;
			buildConfigurations = (
				7D03A6A72F7F667D009F43E5 /* Debug */,
				7D03A6A82F7F667D009F43E5 /* Release */,
			);
			defaultConfigurationIsVisible = 0;
			defaultConfigurationName = Release;
		};
		7D9D34E32F6ED335008EAB95 /* Build configuration list for PBXProject "Courier" */ = {
			isa = XCConfigurationList;
			buildConfigurations = (
				7D9D35072F6ED336008EAB95 /* Debug */,
				7D9D35082F6ED336008EAB95 /* Release */,
			);
			defaultConfigurationIsVisible = 0;
			defaultConfigurationName = Release;
		};
		7D9D35092F6ED336008EAB95 /* Build configuration list for PBXNativeTarget "Courier" */ = {
			isa = XCConfigurationList;
			buildConfigurations = (
				7D9D350A2F6ED336008EAB95 /* Debug */,
				7D9D350B2F6ED336008EAB95 /* Release */,
			);
			defaultConfigurationIsVisible = 0;
			defaultConfigurationName = Release;
		};
		7D9D350C2F6ED336008EAB95 /* Build configuration list for PBXNativeTarget "CourierTests" */ = {
			isa = XCConfigurationList;
			buildConfigurations = (
				7D9D350D2F6ED336008EAB95 /* Debug */,
				7D9D350E2F6ED336008EAB95 /* Release */,
			);
			defaultConfigurationIsVisible = 0;
			defaultConfigurationName = Release;
		};
		7D9D350F2F6ED336008EAB95 /* Build configuration list for PBXNativeTarget "CourierUITests" */ = {
			isa = XCConfigurationList;
			buildConfigurations = (
				7D9D35102F6ED336008EAB95 /* Debug */,
				7D9D35112F6ED336008EAB95 /* Release */,
			);
			defaultConfigurationIsVisible = 0;
			defaultConfigurationName = Release;
		};
/* End XCConfigurationList section */
	};
	rootObject = 7D9D34E02F6ED335008EAB95 /* Project object */;
}
